
Microsoft Visual Studio Solution File, Format Version 12.00
# Visual Studio 15
VisualStudioVersion = 15.0.28307.168
MinimumVisualStudioVersion = 10.0.40219.1
Project("{FAE04EC0-301F-11D3-BF4B-00C04F79EFBC}") = "projeto_teste", "projeto_teste\projeto_teste.csproj", "{3B69D0F7-E23B-43AD-BB2E-9C070C915023}"
EndProject
Global
	GlobalSection(SolutionConfigurationPlatforms) = preSolution
		Debug|Any CPU = Debug|Any CPU
		Release|Any CPU = Release|Any CPU
	EndGlobalSection
	GlobalSection(ProjectConfigurationPlatforms) = postSolution
		{3B69D0F7-E23B-43AD-BB2E-9C070C915023}.Debug|Any CPU.ActiveCfg = Debug|Any CPU
		{3B69D0F7-E23B-43AD-BB2E-9C070C915023}.Debug|Any CPU.Build.0 = Debug|Any CPU
		{3B69D0F7-E23B-43AD-BB2E-9C070C915023}.Release|Any CPU.ActiveCfg = Release|Any CPU
		{3B69D0F7-E23B-43AD-BB2E-9C070C915023}.Release|Any CPU.Build.0 = Release|Any CPU
	EndGlobalSection
	GlobalSection(SolutionProperties) = preSolution
		HideSolutionNode = FALSE
	EndGlobalSection
	GlobalSection(ExtensibilityGlobals) = postSolution
		SolutionGuid = {E9406539-EDD6-4358-B581-023C8EAC8984}
	EndGlobalSection
EndGlobal
